
Microsoft Visual Studio Solution File, Format Version 12.00
# Visual Studio Version 17
VisualStudioVersion = 17.4.33213.308
MinimumVisualStudioVersion = 10.0.40219.1
Project("{FAE04EC0-301F-11D3-BF4B-00C04F79EFBC}") = "TripPlannerAPI", "TripPlannerAPI.csproj", "{B2E799F9-3D32-4520-B885-EC7E8E912D49}"
EndProject
Project("{FAE04EC0-301F-11D3-BF4B-00C04F79EFBC}") = "TripPlanner.DAL", "..\TripPlanner.DAL\TripPlanner.DAL.csproj", "{6CE8BC45-C992-49CC-84DB-95A42DA4653E}"
EndProject
Global
	GlobalSection(SolutionConfigurationPlatforms) = preSolution
		Debug|Any CPU = Debug|Any CPU
		Release|Any CPU = Release|Any CPU
	EndGlobalSection
	GlobalSection(ProjectConfigurationPlatforms) = postSolution
		{B2E799F9-3D32-4520-B885-EC7E8E912D49}.Debug|Any CPU.ActiveCfg = Debug|Any CPU
		{B2E799F9-3D32-4520-B885-EC7E8E912D49}.Debug|Any CPU.Build.0 = Debug|Any CPU
		{B2E799F9-3D32-4520-B885-EC7E8E912D49}.Release|Any CPU.ActiveCfg = Release|Any CPU
		{B2E799F9-3D32-4520-B885-EC7E8E912D49}.Release|Any CPU.Build.0 = Release|Any CPU
		{6CE8BC45-C992-49CC-84DB-95A42DA4653E}.Debug|Any CPU.ActiveCfg = Debug|Any CPU
		{6CE8BC45-C992-49CC-84DB-95A42DA4653E}.Debug|Any CPU.Build.0 = Debug|Any CPU
		{6CE8BC45-C992-49CC-84DB-95A42DA4653E}.Release|Any CPU.ActiveCfg = Release|Any CPU
		{6CE8BC45-C992-49CC-84DB-95A42DA4653E}.Release|Any CPU.Build.0 = Release|Any CPU
	EndGlobalSection
	GlobalSection(SolutionProperties) = preSolution
		HideSolutionNode = FALSE
	EndGlobalSection
	GlobalSection(ExtensibilityGlobals) = postSolution
		SolutionGuid = {0AD57EFE-B63A-4933-A4E6-C502A9731DC5}
	EndGlobalSection
EndGlobal
